
Microsoft Visual Studio Solution File, Format Version 12.00
# Visual Studio Version 16
VisualStudioVersion = 16.0.33920.266
MinimumVisualStudioVersion = 10.0.40219.1
Project("{FAE04EC0-301F-11D3-BF4B-00C04F79EFBC}") = "TraceEx", "TraceEx\TraceEx.csproj", "{97CAB6C3-03FD-4E81-9029-58B4A2C40C3B}"
EndProject
Global
	GlobalSection(SolutionConfigurationPlatforms) = preSolution
		Debug|Any CPU = Debug|Any CPU
		Release|Any CPU = Release|Any CPU
	EndGlobalSection
	GlobalSection(ProjectConfigurationPlatforms) = postSolution
		{97CAB6C3-03FD-4E81-9029-58B4A2C40C3B}.Debug|Any CPU.ActiveCfg = Debug|Any CPU
		{97CAB6C3-03FD-4E81-9029-58B4A2C40C3B}.Debug|Any CPU.Build.0 = Debug|Any CPU
		{97CAB6C3-03FD-4E81-9029-58B4A2C40C3B}.Release|Any CPU.ActiveCfg = Release|Any CPU
		{97CAB6C3-03FD-4E81-9029-58B4A2C40C3B}.Release|Any CPU.Build.0 = Release|Any CPU
	EndGlobalSection
	GlobalSection(SolutionProperties) = preSolution
		HideSolutionNode = FALSE
	EndGlobalSection
	GlobalSection(ExtensibilityGlobals) = postSolution
		SolutionGuid = {36A970FD-2B24-4C03-8313-9001D9C2BDC9}
	EndGlobalSection
EndGlobal
