
Microsoft Visual Studio Solution File, Format Version 12.00
# Visual Studio Version 16
VisualStudioVersion = 16.0.33920.266
MinimumVisualStudioVersion = 10.0.40219.1
Project("{FAE04EC0-301F-11D3-BF4B-00C04F79EFBC}") = "ThreadExp", "ThreadExp\ThreadExp.csproj", "{60B42360-E424-4C4D-AAD8-0AA748DE5150}"
EndProject
Project("{FAE04EC0-301F-11D3-BF4B-00C04F79EFBC}") = "AsyncBasicCancelToken", "AsyncBasicCancelToken\AsyncBasicCancelToken.csproj", "{C908D961-8386-4FD7-9311-576CCBEC6B41}"
EndProject
Project("{FAE04EC0-301F-11D3-BF4B-00C04F79EFBC}") = "AsyncBasicThread", "AsyncBasicThread\AsyncBasicThread.csproj", "{426E73A7-C74B-4B11-A010-32E5EBB3575B}"
EndProject
Project("{FAE04EC0-301F-11D3-BF4B-00C04F79EFBC}") = "AsyncBasicTask", "AsyncBasicTask\AsyncBasicTask.csproj", "{D3B73E50-4D58-44A0-A602-7A01EBF8E46F}"
EndProject
Global
	GlobalSection(SolutionConfigurationPlatforms) = preSolution
		Debug|Any CPU = Debug|Any CPU
		Release|Any CPU = Release|Any CPU
	EndGlobalSection
	GlobalSection(ProjectConfigurationPlatforms) = postSolution
		{60B42360-E424-4C4D-AAD8-0AA748DE5150}.Debug|Any CPU.ActiveCfg = Debug|Any CPU
		{60B42360-E424-4C4D-AAD8-0AA748DE5150}.Debug|Any CPU.Build.0 = Debug|Any CPU
		{60B42360-E424-4C4D-AAD8-0AA748DE5150}.Release|Any CPU.ActiveCfg = Release|Any CPU
		{60B42360-E424-4C4D-AAD8-0AA748DE5150}.Release|Any CPU.Build.0 = Release|Any CPU
		{C908D961-8386-4FD7-9311-576CCBEC6B41}.Debug|Any CPU.ActiveCfg = Debug|Any CPU
		{C908D961-8386-4FD7-9311-576CCBEC6B41}.Debug|Any CPU.Build.0 = Debug|Any CPU
		{C908D961-8386-4FD7-9311-576CCBEC6B41}.Release|Any CPU.ActiveCfg = Release|Any CPU
		{C908D961-8386-4FD7-9311-576CCBEC6B41}.Release|Any CPU.Build.0 = Release|Any CPU
		{426E73A7-C74B-4B11-A010-32E5EBB3575B}.Debug|Any CPU.ActiveCfg = Debug|Any CPU
		{426E73A7-C74B-4B11-A010-32E5EBB3575B}.Debug|Any CPU.Build.0 = Debug|Any CPU
		{426E73A7-C74B-4B11-A010-32E5EBB3575B}.Release|Any CPU.ActiveCfg = Release|Any CPU
		{426E73A7-C74B-4B11-A010-32E5EBB3575B}.Release|Any CPU.Build.0 = Release|Any CPU
		{D3B73E50-4D58-44A0-A602-7A01EBF8E46F}.Debug|Any CPU.ActiveCfg = Debug|Any CPU
		{D3B73E50-4D58-44A0-A602-7A01EBF8E46F}.Debug|Any CPU.Build.0 = Debug|Any CPU
		{D3B73E50-4D58-44A0-A602-7A01EBF8E46F}.Release|Any CPU.ActiveCfg = Release|Any CPU
		{D3B73E50-4D58-44A0-A602-7A01EBF8E46F}.Release|Any CPU.Build.0 = Release|Any CPU
	EndGlobalSection
	GlobalSection(SolutionProperties) = preSolution
		HideSolutionNode = FALSE
	EndGlobalSection
	GlobalSection(ExtensibilityGlobals) = postSolution
		SolutionGuid = {F42E59B5-B7C0-4273-8B96-16DF9C5C2951}
	EndGlobalSection
EndGlobal
