
Microsoft Visual Studio Solution File, Format Version 12.00
# Visual Studio Version 16
VisualStudioVersion = 16.0.33920.266
MinimumVisualStudioVersion = 10.0.40219.1
Project("{00D1A9C2-B5F0-4AF3-8072-F6C62B433612}") = "Database_2", "Database_2\Database_2.sqlproj", "{641C0872-F4ED-4C35-ADFA-64F216C63D9A}"
EndProject
Global
	GlobalSection(SolutionConfigurationPlatforms) = preSolution
		Debug|Any CPU = Debug|Any CPU
		Release|Any CPU = Release|Any CPU
	EndGlobalSection
	GlobalSection(ProjectConfigurationPlatforms) = postSolution
		{641C0872-F4ED-4C35-ADFA-64F216C63D9A}.Debug|Any CPU.ActiveCfg = Debug|Any CPU
		{641C0872-F4ED-4C35-ADFA-64F216C63D9A}.Debug|Any CPU.Build.0 = Debug|Any CPU
		{641C0872-F4ED-4C35-ADFA-64F216C63D9A}.Debug|Any CPU.Deploy.0 = Debug|Any CPU
		{641C0872-F4ED-4C35-ADFA-64F216C63D9A}.Release|Any CPU.ActiveCfg = Release|Any CPU
		{641C0872-F4ED-4C35-ADFA-64F216C63D9A}.Release|Any CPU.Build.0 = Release|Any CPU
		{641C0872-F4ED-4C35-ADFA-64F216C63D9A}.Release|Any CPU.Deploy.0 = Release|Any CPU
	EndGlobalSection
	GlobalSection(SolutionProperties) = preSolution
		HideSolutionNode = FALSE
	EndGlobalSection
	GlobalSection(ExtensibilityGlobals) = postSolution
		SolutionGuid = {CC4F743D-4EFC-4719-84B8-8F3AB812E6A5}
	EndGlobalSection
EndGlobal
